<?xml version="1.0" encoding="utf-8"?>
<Project ToolsVersion="4.0" xmlns="http://schemas.microsoft.com/developer/msbuild/2003">
  <ItemGroup>
    <Filter Include="Source Files">
      <UniqueIdentifier>{4FC737F1-C7A5-4376-A066-2A32D752A2FF}</UniqueIdentifier>
      <Extensions>cpp;c;cc;cxx;c++;cppm;ixx;def;odl;idl;hpj;bat;asm;asmx</Extensions>
    </Filter>
    <Filter Include="Header Files">
      <UniqueIdentifier>{93995380-89BD-4b04-88EB-625FBE52EBFB}</UniqueIdentifier>
      <Extensions>h;hh;hpp;hxx;h++;hm;inl;inc;ipp;xsd</Extensions>
    </Filter>
    <Filter Include="Resource Files">
      <UniqueIdentifier>{67DA6AB6-F800-4c08-8B7A-83BB121AAD01}</UniqueIdentifier>
      <Extensions>rc;ico;cur;bmp;dlg;rc2;rct;bin;rgs;gif;jpg;jpeg;jpe;resx;tiff;tif;png;wav;mfcribbon-ms</Extensions>
    </Filter>
    <Filter Include="DS">
      <UniqueIdentifier>{db4efc94-1a4a-4750-809a-1526ed062554}</UniqueIdentifier>
    </Filter>
    <Filter Include="Classes">
      <UniqueIdentifier>{32f9014e-947f-4f15-ad68-809a6d3517f7}</UniqueIdentifier>
    </Filter>
  </ItemGroup>
  <ItemGroup>
    <ClInclude Include="Queue.h">
      <Filter>DS</Filter>
    </ClInclude>
    <ClInclude Include="Stack.h">
      <Filter>DS</Filter>
    </ClInclude>
    <ClInclude Include="Pri_Queue.h">
      <Filter>DS</Filter>
    </ClInclude>
    <ClInclude Include="Node.h">
      <Filter>DS</Filter>
    </ClInclude>
    <ClInclude Include="RDY_OV.h">
      <Filter>DS</Filter>
    </ClInclude>
    <ClInclude Include="Pend_OVC.h">
      <Filter>DS</Filter>
    </ClInclude>
    <ClInclude Include="Cook_Ords.h">
      <Filter>DS</Filter>
    </ClInclude>
    <ClInclude Include="Fit_Tables.h">
      <Filter>DS</Filter>
    </ClInclude>
    <ClInclude Include="Order.h">
      <Filter>Header Files</Filter>
    </ClInclude>
    <ClInclude Include="Cheif.h">
      <Filter>Header Files</Filter>
    </ClInclude>
    <ClInclude Include="Scooter.h">
      <Filter>Header Files</Filter>
    </ClInclude>
    <ClInclude Include="Table.h">
      <Filter>Header Files</Filter>
    </ClInclude>
    <ClInclude Include="Action.h">
      <Filter>Header Files</Filter>
    </ClInclude>
    <ClInclude Include="Request_Action.h">
      <Filter>Header Files</Filter>
    </ClInclude>
    <ClInclude Include="Cancel_Action.h">
      <Filter>Header Files</Filter>
    </ClInclude>
    <ClInclude Include="Restaurant.h">
      <Filter>Header Files</Filter>
    </ClInclude>
    <ClInclude Include="UI.h">
      <Filter>Header Files</Filter>
    </ClInclude>
  </ItemGroup>
  <ItemGroup>
    <ClCompile Include="Order.cpp">
      <Filter>Source Files</Filter>
    </ClCompile>
    <ClCompile Include="Cheif.cpp">
      <Filter>Source Files</Filter>
    </ClCompile>
    <ClCompile Include="Scooter.cpp">
      <Filter>Source Files</Filter>
    </ClCompile>
    <ClCompile Include="Table.cpp">
      <Filter>Source Files</Filter>
    </ClCompile>
    <ClCompile Include="Action.cpp">
      <Filter>Source Files</Filter>
    </ClCompile>
    <ClCompile Include="Request_Action.cpp">
      <Filter>Source Files</Filter>
    </ClCompile>
    <ClCompile Include="Cancel_Action.cpp">
      <Filter>Source Files</Filter>
    </ClCompile>
    <ClCompile Include="Restaurant.cpp">
      <Filter>Source Files</Filter>
    </ClCompile>
    <ClCompile Include="UI.cpp">
      <Filter>Source Files</Filter>
    </ClCompile>
    <ClCompile Include="main.cpp">
      <Filter>Source Files</Filter>
    </ClCompile>
  </ItemGroup>
</Project>